dependencies:
- name: postgresql
  repository: https://kubernetes-charts.storage.googleapis.com
  version: 7.7.2
- name: prometheus-pushgateway
  repository: https://kubernetes-charts.storage.googleapis.com
  version: 1.2.6
digest: sha256:15a11751423389c7b8adf8db5d857d729bfe0d85a5827d61aecdc075e83e3525
generated: "2020-01-03T14:22:32.563826-05:00"
