dependencies:
- name: postgresql
  repository: https://kubernetes-charts.storage.googleapis.com/
  version: 7.7.2
- name: prometheus-pushgateway
  repository: https://kubernetes-charts.storage.googleapis.com/
  version: 1.2.6
digest: sha256:e4b49da8861fc1e37692e891b5474c50cfd9ee5190d24b7e6c5a076b6b09793f
generated: "2020-09-10T22:07:20.2191228Z"
